// !$*UTF8*$!
{
	archiveVersion = 1;
	classes = {
	};
	objectVersion = 50;
	objects = {

/* Begin PBXBuildFile section */
		0204CBB5220128BF006C8456 /* DiariesMO.swift in Sources */ = {isa = PBXBuildFile; fileRef = 0204CBB4220128BE006C8456 /* DiariesMO.swift */; };
		0204CBB72201290D006C8456 /* DiariesMO+CoreDataProperties.swift in Sources */ = {isa = PBXBuildFile; fileRef = 0204CBB62201290D006C8456 /* DiariesMO+CoreDataProperties.swift */; };
		022584C421F8C01D003FEF34 /* AppDelegate.swift in Sources */ = {isa = PBXBuildFile; fileRef = 022584C321F8C01D003FEF34 /* AppDelegate.swift */; };
		022584C921F8C01D003FEF34 /* Main.storyboard in Resources */ = {isa = PBXBuildFile; fileRef = 022584C721F8C01D003FEF34 /* Main.storyboard */; };
		022584CC21F8C01D003FEF34 /* asd.xcdatamodeld in Sources */ = {isa = PBXBuildFile; fileRef = 022584CA21F8C01D003FEF34 /* asd.xcdatamodeld */; };
		022584CE21F8C01F003FEF34 /* Assets.xcassets in Resources */ = {isa = PBXBuildFile; fileRef = 022584CD21F8C01F003FEF34 /* Assets.xcassets */; };
		022584D121F8C01F003FEF34 /* LaunchScreen.storyboard in Resources */ = {isa = PBXBuildFile; fileRef = 022584CF21F8C01F003FEF34 /* LaunchScreen.storyboard */; };
		028D1AF621FE31C700C1FDAD /* AddDiaryScreenViewController.swift in Sources */ = {isa = PBXBuildFile; fileRef = 028D1AF521FE31C700C1FDAD /* AddDiaryScreenViewController.swift */; };
		02A2CEED21FF125400648E94 /* DiaryTableViewCell.swift in Sources */ = {isa = PBXBuildFile; fileRef = 02A2CEEC21FF125400648E94 /* DiaryTableViewCell.swift */; };
		02A2CEEF21FF193F00648E94 /* DiaryTableViewController.swift in Sources */ = {isa = PBXBuildFile; fileRef = 02A2CEEE21FF193F00648E94 /* DiaryTableViewController.swift */; };
		02A2CEF121FF27B700648E94 /* DiaryViewController.swift in Sources */ = {isa = PBXBuildFile; fileRef = 02A2CEF021FF27B700648E94 /* DiaryViewController.swift */; };
		02A2CEF321FF31D100648E94 /* Diary.swift in Sources */ = {isa = PBXBuildFile; fileRef = 02A2CEF221FF31D100648E94 /* Diary.swift */; };
		02A2CEFB21FF33B500648E94 /* asdUITests.swift in Sources */ = {isa = PBXBuildFile; fileRef = 02A2CEFA21FF33B500648E94 /* asdUITests.swift */; };
		02A2CF0921FF33C800648E94 /* asdTests.swift in Sources */ = {isa = PBXBuildFile; fileRef = 02A2CF0821FF33C800648E94 /* asdTests.swift */; };
		02AF139121FA0E5800080A15 /* KDCircularProgress.swift in Sources */ = {isa = PBXBuildFile; fileRef = 02AF139021FA0E5800080A15 /* KDCircularProgress.swift */; };
		02AF13B521FA183B00080A15 /* SafakViewController.swift in Sources */ = {isa = PBXBuildFile; fileRef = 02AF13B421FA183B00080A15 /* SafakViewController.swift */; };
		02AF13B721FA185400080A15 /* SettingsViewController.swift in Sources */ = {isa = PBXBuildFile; fileRef = 02AF13B621FA185400080A15 /* SettingsViewController.swift */; };
		02B2DD0821FD268D005E4CBB /* RAMAnimatedTabBarController+BottomLine.swift in Sources */ = {isa = PBXBuildFile; fileRef = 02B2DCF821FD268D005E4CBB /* RAMAnimatedTabBarController+BottomLine.swift */; };
		02B2DD0921FD268D005E4CBB /* RAMAnimatedTabBarController.swift in Sources */ = {isa = PBXBuildFile; fileRef = 02B2DCF921FD268D005E4CBB /* RAMAnimatedTabBarController.swift */; };
		02B2DD0A21FD268D005E4CBB /* RAMBadge.swift in Sources */ = {isa = PBXBuildFile; fileRef = 02B2DCFB21FD268D005E4CBB /* RAMBadge.swift */; };
		02B2DD0B21FD268D005E4CBB /* RAMItemAnimationProtocol.swift in Sources */ = {isa = PBXBuildFile; fileRef = 02B2DCFC21FD268D005E4CBB /* RAMItemAnimationProtocol.swift */; };
		02B2DD0C21FD268D005E4CBB /* RAMFumeAnimation.swift in Sources */ = {isa = PBXBuildFile; fileRef = 02B2DCFF21FD268D005E4CBB /* RAMFumeAnimation.swift */; };
		02B2DD0D21FD268D005E4CBB /* RAMFrameItemAnimation.swift in Sources */ = {isa = PBXBuildFile; fileRef = 02B2DD0121FD268D005E4CBB /* RAMFrameItemAnimation.swift */; };
		02B2DD0E21FD268D005E4CBB /* RAMTransitionItemAnimations.swift in Sources */ = {isa = PBXBuildFile; fileRef = 02B2DD0321FD268D005E4CBB /* RAMTransitionItemAnimations.swift */; };
		02B2DD0F21FD268D005E4CBB /* RAMRotationAnimation.swift in Sources */ = {isa = PBXBuildFile; fileRef = 02B2DD0521FD268D005E4CBB /* RAMRotationAnimation.swift */; };
		02B2DD1021FD268D005E4CBB /* RAMBounceAnimation.swift in Sources */ = {isa = PBXBuildFile; fileRef = 02B2DD0721FD268D005E4CBB /* RAMBounceAnimation.swift */; };
		02B2DD1221FD3AD2005E4CBB /* ProfileTableViewController.swift in Sources */ = {isa = PBXBuildFile; fileRef = 02B2DD1121FD3AD1005E4CBB /* ProfileTableViewController.swift */; };
		ED322AF5E9536B9855ADB4FF /* Pods_asd.framework in Frameworks */ = {isa = PBXBuildFile; fileRef = E4E8E720649677AA8F8E6395 /* Pods_asd.framework */; };
/* End PBXBuildFile section */

/* Begin PBXContainerItemProxy section */
		02A2CEFD21FF33B500648E94 /* PBXContainerItemProxy */ = {
			isa = PBXContainerItemProxy;
			containerPortal = 022584B821F8C01D003FEF34 /* Project object */;
			proxyType = 1;
			remoteGlobalIDString = 022584BF21F8C01D003FEF34;
			remoteInfo = asd;
		};
		02A2CF0B21FF33C800648E94 /* PBXContainerItemProxy */ = {
			isa = PBXContainerItemProxy;
			containerPortal = 022584B821F8C01D003FEF34 /* Project object */;
			proxyType = 1;
			remoteGlobalIDString = 022584BF21F8C01D003FEF34;
			remoteInfo = asd;
		};
/* End PBXContainerItemProxy section */

/* Begin PBXFileReference section */
		0204CBB4220128BE006C8456 /* DiariesMO.swift */ = {isa = PBXFileReference; lastKnownFileType = sourcecode.swift; path = DiariesMO.swift; sourceTree = "<group>"; };
		0204CBB62201290D006C8456 /* DiariesMO+CoreDataProperties.swift */ = {isa = PBXFileReference; lastKnownFileType = sourcecode.swift; path = "DiariesMO+CoreDataProperties.swift"; sourceTree = "<group>"; };
		022584C021F8C01D003FEF34 /* asd.app */ = {isa = PBXFileReference; explicitFileType = wrapper.application; includeInIndex = 0; path = asd.app; sourceTree = BUILT_PRODUCTS_DIR; };
		022584C321F8C01D003FEF34 /* AppDelegate.swift */ = {isa = PBXFileReference; lastKnownFileType = sourcecode.swift; path = AppDelegate.swift; sourceTree = "<group>"; };
		022584C821F8C01D003FEF34 /* Base */ = {isa = PBXFileReference; lastKnownFileType = file.storyboard; name = Base; path = Base.lproj/Main.storyboard; sourceTree = "<group>"; };
		022584CB21F8C01D003FEF34 /* asd.xcdatamodel */ = {isa = PBXFileReference; lastKnownFileType = wrapper.xcdatamodel; path = asd.xcdatamodel; sourceTree = "<group>"; };
		022584CD21F8C01F003FEF34 /* Assets.xcassets */ = {isa = PBXFileReference; lastKnownFileType = folder.assetcatalog; path = Assets.xcassets; sourceTree = "<group>"; };
		022584D021F8C01F003FEF34 /* Base */ = {isa = PBXFileReference; lastKnownFileType = file.storyboard; name = Base; path = Base.lproj/LaunchScreen.storyboard; sourceTree = "<group>"; };
		022584D221F8C01F003FEF34 /* Info.plist */ = {isa = PBXFileReference; lastKnownFileType = text.plist.xml; path = Info.plist; sourceTree = "<group>"; };
		026EE2D421FE80D400C955D4 /* PNChart.framework */ = {isa = PBXFileReference; explicitFileType = wrapper.framework; path = PNChart.framework; sourceTree = BUILT_PRODUCTS_DIR; };
		028D1AF521FE31C700C1FDAD /* AddDiaryScreenViewController.swift */ = {isa = PBXFileReference; lastKnownFileType = sourcecode.swift; path = AddDiaryScreenViewController.swift; sourceTree = "<group>"; };
		02A2CEEC21FF125400648E94 /* DiaryTableViewCell.swift */ = {isa = PBXFileReference; lastKnownFileType = sourcecode.swift; path = DiaryTableViewCell.swift; sourceTree = "<group>"; };
		02A2CEEE21FF193F00648E94 /* DiaryTableViewController.swift */ = {isa = PBXFileReference; lastKnownFileType = sourcecode.swift; path = DiaryTableViewController.swift; sourceTree = "<group>"; };
		02A2CEF021FF27B700648E94 /* DiaryViewController.swift */ = {isa = PBXFileReference; lastKnownFileType = sourcecode.swift; path = DiaryViewController.swift; sourceTree = "<group>"; };
		02A2CEF221FF31D100648E94 /* Diary.swift */ = {isa = PBXFileReference; lastKnownFileType = sourcecode.swift; path = Diary.swift; sourceTree = "<group>"; };
		02A2CEF821FF33B500648E94 /* asdUITests.xctest */ = {isa = PBXFileReference; explicitFileType = wrapper.cfbundle; includeInIndex = 0; path = asdUITests.xctest; sourceTree = BUILT_PRODUCTS_DIR; };
		02A2CEFA21FF33B500648E94 /* asdUITests.swift */ = {isa = PBXFileReference; lastKnownFileType = sourcecode.swift; path = asdUITests.swift; sourceTree = "<group>"; };
		02A2CEFC21FF33B500648E94 /* Info.plist */ = {isa = PBXFileReference; lastKnownFileType = text.plist.xml; path = Info.plist; sourceTree = "<group>"; };
		02A2CF0621FF33C800648E94 /* asdTests.xctest */ = {isa = PBXFileReference; explicitFileType = wrapper.cfbundle; includeInIndex = 0; path = asdTests.xctest; sourceTree = BUILT_PRODUCTS_DIR; };
		02A2CF0821FF33C800648E94 /* asdTests.swift */ = {isa = PBXFileReference; lastKnownFileType = sourcecode.swift; path = asdTests.swift; sourceTree = "<group>"; };
		02A2CF0A21FF33C800648E94 /* Info.plist */ = {isa = PBXFileReference; lastKnownFileType = text.plist.xml; path = Info.plist; sourceTree = "<group>"; };
		02AF139021FA0E5800080A15 /* KDCircularProgress.swift */ = {isa = PBXFileReference; lastKnownFileType = sourcecode.swift; path = KDCircularProgress.swift; sourceTree = "<group>"; };
		02AF13B421FA183B00080A15 /* SafakViewController.swift */ = {isa = PBXFileReference; lastKnownFileType = sourcecode.swift; path = SafakViewController.swift; sourceTree = "<group>"; };
		02AF13B621FA185400080A15 /* SettingsViewController.swift */ = {isa = PBXFileReference; lastKnownFileType = sourcecode.swift; path = SettingsViewController.swift; sourceTree = "<group>"; };
		02B2DCF821FD268D005E4CBB /* RAMAnimatedTabBarController+BottomLine.swift */ = {isa = PBXFileReference; fileEncoding = 4; lastKnownFileType = sourcecode.swift; path = "RAMAnimatedTabBarController+BottomLine.swift"; sourceTree = "<group>"; };
		02B2DCF921FD268D005E4CBB /* RAMAnimatedTabBarController.swift */ = {isa = PBXFileReference; fileEncoding = 4; lastKnownFileType = sourcecode.swift; path = RAMAnimatedTabBarController.swift; sourceTree = "<group>"; };
		02B2DCFB21FD268D005E4CBB /* RAMBadge.swift */ = {isa = PBXFileReference; fileEncoding = 4; lastKnownFileType = sourcecode.swift; path = RAMBadge.swift; sourceTree = "<group>"; };
		02B2DCFC21FD268D005E4CBB /* RAMItemAnimationProtocol.swift */ = {isa = PBXFileReference; fileEncoding = 4; lastKnownFileType = sourcecode.swift; path = RAMItemAnimationProtocol.swift; sourceTree = "<group>"; };
		02B2DCFF21FD268D005E4CBB /* RAMFumeAnimation.swift */ = {isa = PBXFileReference; fileEncoding = 4; lastKnownFileType = sourcecode.swift; path = RAMFumeAnimation.swift; sourceTree = "<group>"; };
		02B2DD0121FD268D005E4CBB /* RAMFrameItemAnimation.swift */ = {isa = PBXFileReference; fileEncoding = 4; lastKnownFileType = sourcecode.swift; path = RAMFrameItemAnimation.swift; sourceTree = "<group>"; };
		02B2DD0321FD268D005E4CBB /* RAMTransitionItemAnimations.swift */ = {isa = PBXFileReference; fileEncoding = 4; lastKnownFileType = sourcecode.swift; path = RAMTransitionItemAnimations.swift; sourceTree = "<group>"; };
		02B2DD0521FD268D005E4CBB /* RAMRotationAnimation.swift */ = {isa = PBXFileReference; fileEncoding = 4; lastKnownFileType = sourcecode.swift; path = RAMRotationAnimation.swift; sourceTree = "<group>"; };
		02B2DD0721FD268D005E4CBB /* RAMBounceAnimation.swift */ = {isa = PBXFileReference; fileEncoding = 4; lastKnownFileType = sourcecode.swift; path = RAMBounceAnimation.swift; sourceTree = "<group>"; };
		02B2DD1121FD3AD1005E4CBB /* ProfileTableViewController.swift */ = {isa = PBXFileReference; lastKnownFileType = sourcecode.swift; path = ProfileTableViewController.swift; sourceTree = "<group>"; };
		8B70A5D7647F0FC78961BED7 /* Pods-asd.debug.xcconfig */ = {isa = PBXFileReference; includeInIndex = 1; lastKnownFileType = text.xcconfig; name = "Pods-asd.debug.xcconfig"; path = "Pods/Target Support Files/Pods-asd/Pods-asd.debug.xcconfig"; sourceTree = "<group>"; };
		8C58CEB141A211D1BB443A98 /* Pods-asd.release.xcconfig */ = {isa = PBXFileReference; includeInIndex = 1; lastKnownFileType = text.xcconfig; name = "Pods-asd.release.xcconfig"; path = "Pods/Target Support Files/Pods-asd/Pods-asd.release.xcconfig"; sourceTree = "<group>"; };
		E4E8E720649677AA8F8E6395 /* Pods_asd.framework */ = {isa = PBXFileReference; explicitFileType = wrapper.framework; includeInIndex = 0; path = Pods_asd.framework; sourceTree = BUILT_PRODUCTS_DIR; };
/* End PBXFileReference section */

/* Begin PBXFrameworksBuildPhase section */
		022584BD21F8C01D003FEF34 /* Frameworks */ = {
			isa = PBXFrameworksBuildPhase;
			buildActionMask = 2147483647;
			files = (
				ED322AF5E9536B9855ADB4FF /* Pods_asd.framework in Frameworks */,
			);
			runOnlyForDeploymentPostprocessing = 0;
		};
		02A2CEF521FF33B500648E94 /* Frameworks */ = {
			isa = PBXFrameworksBuildPhase;
			buildActionMask = 2147483647;
			files = (
			);
			runOnlyForDeploymentPostprocessing = 0;
		};
		02A2CF0321FF33C800648E94 /* Frameworks */ = {
			isa = PBXFrameworksBuildPhase;
			buildActionMask = 2147483647;
			files = (
			);
			runOnlyForDeploymentPostprocessing = 0;
		};
/* End PBXFrameworksBuildPhase section */

/* Begin PBXGroup section */
		022584B721F8C01D003FEF34 = {
			isa = PBXGroup;
			children = (
				022584C221F8C01D003FEF34 /* asd */,
				02A2CEF921FF33B500648E94 /* asdUITests */,
				02A2CF0721FF33C800648E94 /* asdTests */,
				022584C121F8C01D003FEF34 /* Products */,
				128330BB6ABF309F006D56F6 /* Pods */,
				3B8AA02D6A9BFB664263452A /* Frameworks */,
			);
			sourceTree = "<group>";
		};
		022584C121F8C01D003FEF34 /* Products */ = {
			isa = PBXGroup;
			children = (
				022584C021F8C01D003FEF34 /* asd.app */,
				02A2CEF821FF33B500648E94 /* asdUITests.xctest */,
				02A2CF0621FF33C800648E94 /* asdTests.xctest */,
			);
			name = Products;
			sourceTree = "<group>";
		};
		022584C221F8C01D003FEF34 /* asd */ = {
			isa = PBXGroup;
			children = (
				02B2DCF621FD268D005E4CBB /* RAMAnimatedTabBarController */,
				022584C321F8C01D003FEF34 /* AppDelegate.swift */,
				02AF139021FA0E5800080A15 /* KDCircularProgress.swift */,
				02AF13B421FA183B00080A15 /* SafakViewController.swift */,
				02AF13B621FA185400080A15 /* SettingsViewController.swift */,
				02B2DD1121FD3AD1005E4CBB /* ProfileTableViewController.swift */,
				022584C721F8C01D003FEF34 /* Main.storyboard */,
				02A2CEEE21FF193F00648E94 /* DiaryTableViewController.swift */,
				02A2CEF021FF27B700648E94 /* DiaryViewController.swift */,
				02A2CEF221FF31D100648E94 /* Diary.swift */,
				02A2CEEC21FF125400648E94 /* DiaryTableViewCell.swift */,
				022584CD21F8C01F003FEF34 /* Assets.xcassets */,
				022584CF21F8C01F003FEF34 /* LaunchScreen.storyboard */,
				022584D221F8C01F003FEF34 /* Info.plist */,
				022584CA21F8C01D003FEF34 /* asd.xcdatamodeld */,
				0204CBB4220128BE006C8456 /* DiariesMO.swift */,
				0204CBB62201290D006C8456 /* DiariesMO+CoreDataProperties.swift */,
				028D1AF521FE31C700C1FDAD /* AddDiaryScreenViewController.swift */,
			);
			path = asd;
			sourceTree = "<group>";
		};
		02A2CEF921FF33B500648E94 /* asdUITests */ = {
			isa = PBXGroup;
			children = (
				02A2CEFA21FF33B500648E94 /* asdUITests.swift */,
				02A2CEFC21FF33B500648E94 /* Info.plist */,
			);
			path = asdUITests;
			sourceTree = "<group>";
		};
		02A2CF0721FF33C800648E94 /* asdTests */ = {
			isa = PBXGroup;
			children = (
				02A2CF0821FF33C800648E94 /* asdTests.swift */,
				02A2CF0A21FF33C800648E94 /* Info.plist */,
			);
			path = asdTests;
			sourceTree = "<group>";
		};
		02B2DCF621FD268D005E4CBB /* RAMAnimatedTabBarController */ = {
			isa = PBXGroup;
			children = (
				02B2DCF721FD268D005E4CBB /* BottomLine */,
				02B2DCF921FD268D005E4CBB /* RAMAnimatedTabBarController.swift */,
				02B2DCFA21FD268D005E4CBB /* RAMBadge */,
				02B2DCFC21FD268D005E4CBB /* RAMItemAnimationProtocol.swift */,
				02B2DCFD21FD268D005E4CBB /* Animations */,
			);
			path = RAMAnimatedTabBarController;
			sourceTree = "<group>";
		};
		02B2DCF721FD268D005E4CBB /* BottomLine */ = {
			isa = PBXGroup;
			children = (
				02B2DCF821FD268D005E4CBB /* RAMAnimatedTabBarController+BottomLine.swift */,
			);
			path = BottomLine;
			sourceTree = "<group>";
		};
		02B2DCFA21FD268D005E4CBB /* RAMBadge */ = {
			isa = PBXGroup;
			children = (
				02B2DCFB21FD268D005E4CBB /* RAMBadge.swift */,
			);
			path = RAMBadge;
			sourceTree = "<group>";
		};
		02B2DCFD21FD268D005E4CBB /* Animations */ = {
			isa = PBXGroup;
			children = (
				02B2DCFE21FD268D005E4CBB /* FumeAnimation */,
				02B2DD0021FD268D005E4CBB /* FrameAnimation */,
				02B2DD0221FD268D005E4CBB /* TransitionAniamtions */,
				02B2DD0421FD268D005E4CBB /* RotationAnimation */,
				02B2DD0621FD268D005E4CBB /* BounceAnimation */,
			);
			path = Animations;
			sourceTree = "<group>";
		};
		02B2DCFE21FD268D005E4CBB /* FumeAnimation */ = {
			isa = PBXGroup;
			children = (
				02B2DCFF21FD268D005E4CBB /* RAMFumeAnimation.swift */,
			);
			path = FumeAnimation;
			sourceTree = "<group>";
		};
		02B2DD0021FD268D005E4CBB /* FrameAnimation */ = {
			isa = PBXGroup;
			children = (
				02B2DD0121FD268D005E4CBB /* RAMFrameItemAnimation.swift */,
			);
			path = FrameAnimation;
			sourceTree = "<group>";
		};
		02B2DD0221FD268D005E4CBB /* TransitionAniamtions */ = {
			isa = PBXGroup;
			children = (
				02B2DD0321FD268D005E4CBB /* RAMTransitionItemAnimations.swift */,
			);
			path = TransitionAniamtions;
			sourceTree = "<group>";
		};
		02B2DD0421FD268D005E4CBB /* RotationAnimation */ = {
			isa = PBXGroup;
			children = (
				02B2DD0521FD268D005E4CBB /* RAMRotationAnimation.swift */,
			);
			path = RotationAnimation;
			sourceTree = "<group>";
		};
		02B2DD0621FD268D005E4CBB /* BounceAnimation */ = {
			isa = PBXGroup;
			children = (
				02B2DD0721FD268D005E4CBB /* RAMBounceAnimation.swift */,
			);
			path = BounceAnimation;
			sourceTree = "<group>";
		};
		128330BB6ABF309F006D56F6 /* Pods */ = {
			isa = PBXGroup;
			children = (
				8B70A5D7647F0FC78961BED7 /* Pods-asd.debug.xcconfig */,
				8C58CEB141A211D1BB443A98 /* Pods-asd.release.xcconfig */,
			);
			name = Pods;
			sourceTree = "<group>";
		};
		3B8AA02D6A9BFB664263452A /* Frameworks */ = {
			isa = PBXGroup;
			children = (
				026EE2D421FE80D400C955D4 /* PNChart.framework */,
				E4E8E720649677AA8F8E6395 /* Pods_asd.framework */,
			);
			name = Frameworks;
			sourceTree = "<group>";
		};
/* End PBXGroup section */

/* Begin PBXNativeTarget section */
		022584BF21F8C01D003FEF34 /* asd */ = {
			isa = PBXNativeTarget;
			buildConfigurationList = 022584D521F8C01F003FEF34 /* Build configuration list for PBXNativeTarget "asd" */;
			buildPhases = (
				5F791A10CBA6C908E922A5DE /* [CP] Check Pods Manifest.lock */,
				022584BC21F8C01D003FEF34 /* Sources */,
				022584BD21F8C01D003FEF34 /* Frameworks */,
				022584BE21F8C01D003FEF34 /* Resources */,
				79D5A9F71D614FCC0C64F4EC /* [CP] Embed Pods Frameworks */,
				2BCD0FAFA0071D343A89808F /* [CP] Copy Pods Resources */,
			);
			buildRules = (
			);
			dependencies = (
			);
			name = asd;
			productName = asd;
			productReference = 022584C021F8C01D003FEF34 /* asd.app */;
			productType = "com.apple.product-type.application";
		};
		02A2CEF721FF33B500648E94 /* asdUITests */ = {
			isa = PBXNativeTarget;
			buildConfigurationList = 02A2CEFF21FF33B500648E94 /* Build configuration list for PBXNativeTarget "asdUITests" */;
			buildPhases = (
				02A2CEF421FF33B500648E94 /* Sources */,
				02A2CEF521FF33B500648E94 /* Frameworks */,
				02A2CEF621FF33B500648E94 /* Resources */,
			);
			buildRules = (
			);
			dependencies = (
				02A2CEFE21FF33B500648E94 /* PBXTargetDependency */,
			);
			name = asdUITests;
			productName = asdUITests;
			productReference = 02A2CEF821FF33B500648E94 /* asdUITests.xctest */;
			productType = "com.apple.product-type.bundle.ui-testing";
		};
		02A2CF0521FF33C800648E94 /* asdTests */ = {
			isa = PBXNativeTarget;
			buildConfigurationList = 02A2CF0D21FF33C800648E94 /* Build configuration list for PBXNativeTarget "asdTests" */;
			buildPhases = (
				02A2CF0221FF33C800648E94 /* Sources */,
				02A2CF0321FF33C800648E94 /* Frameworks */,
				02A2CF0421FF33C800648E94 /* Resources */,
			);
			buildRules = (
			);
			dependencies = (
				02A2CF0C21FF33C800648E94 /* PBXTargetDependency */,
			);
			name = asdTests;
			productName = asdTests;
			productReference = 02A2CF0621FF33C800648E94 /* asdTests.xctest */;
			productType = "com.apple.product-type.bundle.unit-test";
		};
/* End PBXNativeTarget section */

/* Begin PBXProject section */
		022584B821F8C01D003FEF34 /* Project object */ = {
			isa = PBXProject;
			attributes = {
				LastSwiftUpdateCheck = 1010;
				LastUpgradeCheck = 1010;
				ORGANIZATIONNAME = Alpaslan;
				TargetAttributes = {
					022584BF21F8C01D003FEF34 = {
						CreatedOnToolsVersion = 10.1;
					};
					02A2CEF721FF33B500648E94 = {
						CreatedOnToolsVersion = 10.1;
						TestTargetID = 022584BF21F8C01D003FEF34;
					};
					02A2CF0521FF33C800648E94 = {
						CreatedOnToolsVersion = 10.1;
						TestTargetID = 022584BF21F8C01D003FEF34;
					};
				};
			};
			buildConfigurationList = 022584BB21F8C01D003FEF34 /* Build configuration list for PBXProject "asd" */;
			compatibilityVersion = "Xcode 9.3";
			developmentRegion = en;
			hasScannedForEncodings = 0;
			knownRegions = (
				en,
				Base,
			);
			mainGroup = 022584B721F8C01D003FEF34;
			productRefGroup = 022584C121F8C01D003FEF34 /* Products */;
			projectDirPath = "";
			projectRoot = "";
			targets = (
				022584BF21F8C01D003FEF34 /* asd */,
				02A2CEF721FF33B500648E94 /* asdUITests */,
				02A2CF0521FF33C800648E94 /* asdTests */,
			);
		};
/* End PBXProject section */

/* Begin PBXResourcesBuildPhase section */
		022584BE21F8C01D003FEF34 /* Resources */ = {
			isa = PBXResourcesBuildPhase;
			buildActionMask = 2147483647;
			files = (
				022584D121F8C01F003FEF34 /* LaunchScreen.storyboard in Resources */,
				022584CE21F8C01F003FEF34 /* Assets.xcassets in Resources */,
				022584C921F8C01D003FEF34 /* Main.storyboard in Resources */,
			);
			runOnlyForDeploymentPostprocessing = 0;
		};
		02A2CEF621FF33B500648E94 /* Resources */ = {
			isa = PBXResourcesBuildPhase;
			buildActionMask = 2147483647;
			files = (
			);
			runOnlyForDeploymentPostprocessing = 0;
		};
		02A2CF0421FF33C800648E94 /* Resources */ = {
			isa = PBXResourcesBuildPhase;
			buildActionMask = 2147483647;
			files = (
			);
			runOnlyForDeploymentPostprocessing = 0;
		};
/* End PBXResourcesBuildPhase section */

/* Begin PBXShellScriptBuildPhase section */
		2BCD0FAFA0071D343A89808F /* [CP] Copy Pods Resources */ = {
			isa = PBXShellScriptBuildPhase;
			buildActionMask = 2147483647;
			files = (
			);
			inputFileListPaths = (
			);
			inputPaths = (
				"${SRCROOT}/Pods/Target Support Files/Pods-asd/Pods-asd-resources.sh",
				"${PODS_ROOT}/TwitterKit/iOS/TwitterKit.framework/TwitterKitResources.bundle",
			);
			name = "[CP] Copy Pods Resources";
			outputFileListPaths = (
			);
			outputPaths = (
				"${TARGET_BUILD_DIR}/${UNLOCALIZED_RESOURCES_FOLDER_PATH}/TwitterKitResources.bundle",
			);
			runOnlyForDeploymentPostprocessing = 0;
			shellPath = /bin/sh;
			shellScript = "\"${SRCROOT}/Pods/Target Support Files/Pods-asd/Pods-asd-resources.sh\"\n";
			showEnvVarsInLog = 0;
		};
		5F791A10CBA6C908E922A5DE /* [CP] Check Pods Manifest.lock */ = {
			isa = PBXShellScriptBuildPhase;
			buildActionMask = 2147483647;
			files = (
			);
			inputFileListPaths = (
			);
			inputPaths = (
				"${PODS_PODFILE_DIR_PATH}/Podfile.lock",
				"${PODS_ROOT}/Manifest.lock",
			);
			name = "[CP] Check Pods Manifest.lock";
			outputFileListPaths = (
			);
			outputPaths = (
				"$(DERIVED_FILE_DIR)/Pods-asd-checkManifestLockResult.txt",
			);
			runOnlyForDeploymentPostprocessing = 0;
			shellPath = /bin/sh;
			shellScript = "diff \"${PODS_PODFILE_DIR_PATH}/Podfile.lock\" \"${PODS_ROOT}/Manifest.lock\" > /dev/null\nif [ $? != 0 ] ; then\n    # print error to STDERR\n    echo \"error: The sandbox is not in sync with the Podfile.lock. Run 'pod install' or update your CocoaPods installation.\" >&2\n    exit 1\nfi\n# This output is used by Xcode 'outputs' to avoid re-running this script phase.\necho \"SUCCESS\" > \"${SCRIPT_OUTPUT_FILE_0}\"\n";
			showEnvVarsInLog = 0;
		};
		79D5A9F71D614FCC0C64F4EC /* [CP] Embed Pods Frameworks */ = {
			isa = PBXShellScriptBuildPhase;
			buildActionMask = 2147483647;
			files = (
			);
			inputFileListPaths = (
			);
			inputPaths = (
				"${SRCROOT}/Pods/Target Support Files/Pods-asd/Pods-asd-frameworks.sh",
				"${BUILT_PRODUCTS_DIR}/PNChart/PNChart.framework",
				"${PODS_ROOT}/TwitterCore/iOS/TwitterCore.framework",
				"${PODS_ROOT}/TwitterKit/iOS/TwitterKit.framework",
				"${BUILT_PRODUCTS_DIR}/UICountingLabel/UICountingLabel.framework",
			);
			name = "[CP] Embed Pods Frameworks";
			outputFileListPaths = (
			);
			outputPaths = (
				"${TARGET_BUILD_DIR}/${FRAMEWORKS_FOLDER_PATH}/PNChart.framework",
				"${TARGET_BUILD_DIR}/${FRAMEWORKS_FOLDER_PATH}/TwitterCore.framework",
				"${TARGET_BUILD_DIR}/${FRAMEWORKS_FOLDER_PATH}/TwitterKit.framework",
				"${TARGET_BUILD_DIR}/${FRAMEWORKS_FOLDER_PATH}/UICountingLabel.framework",
			);
			runOnlyForDeploymentPostprocessing = 0;
			shellPath = /bin/sh;
			shellScript = "\"${SRCROOT}/Pods/Target Support Files/Pods-asd/Pods-asd-frameworks.sh\"\n";
			showEnvVarsInLog = 0;
		};
/* End PBXShellScriptBuildPhase section */

/* Begin PBXSourcesBuildPhase section */
		022584BC21F8C01D003FEF34 /* Sources */ = {
			isa = PBXSourcesBuildPhase;
			buildActionMask = 2147483647;
			files = (
				02B2DD1221FD3AD2005E4CBB /* ProfileTableViewController.swift in Sources */,
				028D1AF621FE31C700C1FDAD /* AddDiaryScreenViewController.swift in Sources */,
				02B2DD0921FD268D005E4CBB /* RAMAnimatedTabBarController.swift in Sources */,
				02B2DD0B21FD268D005E4CBB /* RAMItemAnimationProtocol.swift in Sources */,
				02A2CEED21FF125400648E94 /* DiaryTableViewCell.swift in Sources */,
				02AF139121FA0E5800080A15 /* KDCircularProgress.swift in Sources */,
				02B2DD0D21FD268D005E4CBB /* RAMFrameItemAnimation.swift in Sources */,
				02B2DD0F21FD268D005E4CBB /* RAMRotationAnimation.swift in Sources */,
				02B2DD0821FD268D005E4CBB /* RAMAnimatedTabBarController+BottomLine.swift in Sources */,
				02B2DD0A21FD268D005E4CBB /* RAMBadge.swift in Sources */,
				022584C421F8C01D003FEF34 /* AppDelegate.swift in Sources */,
				022584CC21F8C01D003FEF34 /* asd.xcdatamodeld in Sources */,
				02A2CEF121FF27B700648E94 /* DiaryViewController.swift in Sources */,
				02A2CEF321FF31D100648E94 /* Diary.swift in Sources */,
				02AF13B521FA183B00080A15 /* SafakViewController.swift in Sources */,
				02A2CEEF21FF193F00648E94 /* DiaryTableViewController.swift in Sources */,
				02B2DD0C21FD268D005E4CBB /* RAMFumeAnimation.swift in Sources */,
				02AF13B721FA185400080A15 /* SettingsViewController.swift in Sources */,
				02B2DD1021FD268D005E4CBB /* RAMBounceAnimation.swift in Sources */,
				0204CBB72201290D006C8456 /* DiariesMO+CoreDataProperties.swift in Sources */,
				02B2DD0E21FD268D005E4CBB /* RAMTransitionItemAnimations.swift in Sources */,
				0204CBB5220128BF006C8456 /* DiariesMO.swift in Sources */,
			);
			runOnlyForDeploymentPostprocessing = 0;
		};
		02A2CEF421FF33B500648E94 /* Sources */ = {
			isa = PBXSourcesBuildPhase;
			buildActionMask = 2147483647;
			files = (
				02A2CEFB21FF33B500648E94 /* asdUITests.swift in Sources */,
			);
			runOnlyForDeploymentPostprocessing = 0;
		};
		02A2CF0221FF33C800648E94 /* Sources */ = {
			isa = PBXSourcesBuildPhase;
			buildActionMask = 2147483647;
			files = (
				02A2CF0921FF33C800648E94 /* asdTests.swift in Sources */,
			);
			runOnlyForDeploymentPostprocessing = 0;
		};
/* End PBXSourcesBuildPhase section */

/* Begin PBXTargetDependency section */
		02A2CEFE21FF33B500648E94 /* PBXTargetDependency */ = {
			isa = PBXTargetDependency;
			target = 022584BF21F8C01D003FEF34 /* asd */;
			targetProxy = 02A2CEFD21FF33B500648E94 /* PBXContainerItemProxy */;
		};
		02A2CF0C21FF33C800648E94 /* PBXTargetDependency */ = {
			isa = PBXTargetDependency;
			target = 022584BF21F8C01D003FEF34 /* asd */;
			targetProxy = 02A2CF0B21FF33C800648E94 /* PBXContainerItemProxy */;
		};
/* End PBXTargetDependency section */

/* Begin PBXVariantGroup section */
		022584C721F8C01D003FEF34 /* Main.storyboard */ = {
			isa = PBXVariantGroup;
			children = (
				022584C821F8C01D003FEF34 /* Base */,
			);
			name = Main.storyboard;
			sourceTree = "<group>";
		};
		022584CF21F8C01F003FEF34 /* LaunchScreen.storyboard */ = {
			isa = PBXVariantGroup;
			children = (
				022584D021F8C01F003FEF34 /* Base */,
			);
			name = LaunchScreen.storyboard;
			sourceTree = "<group>";
		};
/* End PBXVariantGroup section */

/* Begin XCBuildConfiguration section */
		022584D321F8C01F003FEF34 /* Debug */ = {
			isa = XCBuildConfiguration;
			buildSettings = {
				ALWAYS_SEARCH_USER_PATHS = NO;
				CLANG_ANALYZER_NONNULL = YES;
				CLANG_ANALYZER_NUMBER_OBJECT_CONVERSION = YES_AGGRESSIVE;
				CLANG_CXX_LANGUAGE_STANDARD = "gnu++14";
				CLANG_CXX_LIBRARY = "libc++";
				CLANG_ENABLE_MODULES = YES;
				CLANG_ENABLE_OBJC_ARC = YES;
				CLANG_ENABLE_OBJC_WEAK = YES;
				CLANG_WARN_BLOCK_CAPTURE_AUTORELEASING = YES;
				CLANG_WARN_BOOL_CONVERSION = YES;
				CLANG_WARN_COMMA = YES;
				CLANG_WARN_CONSTANT_CONVERSION = YES;
				CLANG_WARN_DEPRECATED_OBJC_IMPLEMENTATIONS = YES;
				CLANG_WARN_DIRECT_OBJC_ISA_USAGE = YES_ERROR;
				CLANG_WARN_DOCUMENTATION_COMMENTS = YES;
				CLANG_WARN_EMPTY_BODY = YES;
				CLANG_WARN_ENUM_CONVERSION = YES;
				CLANG_WARN_INFINITE_RECURSION = YES;
				CLANG_WARN_INT_CONVERSION = YES;
				CLANG_WARN_NON_LITERAL_NULL_CONVERSION = YES;
				CLANG_WARN_OBJC_IMPLICIT_RETAIN_SELF = YES;
				CLANG_WARN_OBJC_LITERAL_CONVERSION = YES;
				CLANG_WARN_OBJC_ROOT_CLASS = YES_ERROR;
				CLANG_WARN_RANGE_LOOP_ANALYSIS = YES;
				CLANG_WARN_STRICT_PROTOTYPES = YES;
				CLANG_WARN_SUSPICIOUS_MOVE = YES;
				CLANG_WARN_UNGUARDED_AVAILABILITY = YES_AGGRESSIVE;
				CLANG_WARN_UNREACHABLE_CODE = YES;
				CLANG_WARN__DUPLICATE_METHOD_MATCH = YES;
				CODE_SIGN_IDENTITY = "iPhone Developer";
				COPY_PHASE_STRIP = NO;
				DEBUG_INFORMATION_FORMAT = dwarf;
				ENABLE_STRICT_OBJC_MSGSEND = YES;
				ENABLE_TESTABILITY = YES;
				GCC_C_LANGUAGE_STANDARD = gnu11;
				GCC_DYNAMIC_NO_PIC = NO;
				GCC_NO_COMMON_BLOCKS = YES;
				GCC_OPTIMIZATION_LEVEL = 0;
				GCC_PREPROCESSOR_DEFINITIONS = (
					"DEBUG=1",
					"$(inherited)",
				);
				GCC_WARN_64_TO_32_BIT_CONVERSION = YES;
				GCC_WARN_ABOUT_RETURN_TYPE = YES_ERROR;
				GCC_WARN_UNDECLARED_SELECTOR = YES;
				GCC_WARN_UNINITIALIZED_AUTOS = YES_AGGRESSIVE;
				GCC_WARN_UNUSED_FUNCTION = YES;
				GCC_WARN_UNUSED_VARIABLE = YES;
				IPHONEOS_DEPLOYMENT_TARGET = 12.1;
				MTL_ENABLE_DEBUG_INFO = INCLUDE_SOURCE;
				MTL_FAST_MATH = YES;
				ONLY_ACTIVE_ARCH = YES;
				SDKROOT = iphoneos;
				SWIFT_ACTIVE_COMPILATION_CONDITIONS = DEBUG;
				SWIFT_OPTIMIZATION_LEVEL = "-Onone";
			};
			name = Debug;
		};
		022584D421F8C01F003FEF34 /* Release */ = {
			isa = XCBuildConfiguration;
			buildSettings = {
				ALWAYS_SEARCH_USER_PATHS = NO;
				CLANG_ANALYZER_NONNULL = YES;
				CLANG_ANALYZER_NUMBER_OBJECT_CONVERSION = YES_AGGRESSIVE;
				CLANG_CXX_LANGUAGE_STANDARD = "gnu++14";
				CLANG_CXX_LIBRARY = "libc++";
				CLANG_ENABLE_MODULES = YES;
				CLANG_ENABLE_OBJC_ARC = YES;
				CLANG_ENABLE_OBJC_WEAK = YES;
				CLANG_WARN_BLOCK_CAPTURE_AUTORELEASING = YES;
				CLANG_WARN_BOOL_CONVERSION = YES;
				CLANG_WARN_COMMA = YES;
				CLANG_WARN_CONSTANT_CONVERSION = YES;
				CLANG_WARN_DEPRECATED_OBJC_IMPLEMENTATIONS = YES;
				CLANG_WARN_DIRECT_OBJC_ISA_USAGE = YES_ERROR;
				CLANG_WARN_DOCUMENTATION_COMMENTS = YES;
				CLANG_WARN_EMPTY_BODY = YES;
				CLANG_WARN_ENUM_CONVERSION = YES;
				CLANG_WARN_INFINITE_RECURSION = YES;
				CLANG_WARN_INT_CONVERSION = YES;
				CLANG_WARN_NON_LITERAL_NULL_CONVERSION = YES;
				CLANG_WARN_OBJC_IMPLICIT_RETAIN_SELF = YES;
				CLANG_WARN_OBJC_LITERAL_CONVERSION = YES;
				CLANG_WARN_OBJC_ROOT_CLASS = YES_ERROR;
				CLANG_WARN_RANGE_LOOP_ANALYSIS = YES;
				CLANG_WARN_STRICT_PROTOTYPES = YES;
				CLANG_WARN_SUSPICIOUS_MOVE = YES;
				CLANG_WARN_UNGUARDED_AVAILABILITY = YES_AGGRESSIVE;
				CLANG_WARN_UNREACHABLE_CODE = YES;
				CLANG_WARN__DUPLICATE_METHOD_MATCH = YES;
				CODE_SIGN_IDENTITY = "iPhone Developer";
				COPY_PHASE_STRIP = NO;
				DEBUG_INFORMATION_FORMAT = "dwarf-with-dsym";
				ENABLE_NS_ASSERTIONS = NO;
				ENABLE_STRICT_OBJC_MSGSEND = YES;
				GCC_C_LANGUAGE_STANDARD = gnu11;
				GCC_NO_COMMON_BLOCKS = YES;
				GCC_WARN_64_TO_32_BIT_CONVERSION = YES;
				GCC_WARN_ABOUT_RETURN_TYPE = YES_ERROR;
				GCC_WARN_UNDECLARED_SELECTOR = YES;
				GCC_WARN_UNINITIALIZED_AUTOS = YES_AGGRESSIVE;
				GCC_WARN_UNUSED_FUNCTION = YES;
				GCC_WARN_UNUSED_VARIABLE = YES;
				IPHONEOS_DEPLOYMENT_TARGET = 12.1;
				MTL_ENABLE_DEBUG_INFO = NO;
				MTL_FAST_MATH = YES;
				SDKROOT = iphoneos;
				SWIFT_COMPILATION_MODE = wholemodule;
				SWIFT_OPTIMIZATION_LEVEL = "-O";
				VALIDATE_PRODUCT = YES;
			};
			name = Release;
		};
		022584D621F8C01F003FEF34 /* Debug */ = {
			isa = XCBuildConfiguration;
			baseConfigurationReference = 8B70A5D7647F0FC78961BED7 /* Pods-asd.debug.xcconfig */;
			buildSettings = {
				ASSETCATALOG_COMPILER_APPICON_NAME = AppIcon;
				CODE_SIGN_STYLE = Automatic;
				DEVELOPMENT_TEAM = B7JBV3PB93;
				INFOPLIST_FILE = asd/Info.plist;
				LD_RUNPATH_SEARCH_PATHS = (
					"$(inherited)",
					"@executable_path/Frameworks",
				);
				PRODUCT_BUNDLE_IDENTIFIER = alpaslan.asd;
				PRODUCT_NAME = "$(TARGET_NAME)";
				SWIFT_VERSION = 4.2;
				TARGETED_DEVICE_FAMILY = "1,2";
			};
			name = Debug;
		};
		022584D721F8C01F003FEF34 /* Release */ = {
			isa = XCBuildConfiguration;
			baseConfigurationReference = 8C58CEB141A211D1BB443A98 /* Pods-asd.release.xcconfig */;
			buildSettings = {
				ASSETCATALOG_COMPILER_APPICON_NAME = AppIcon;
				CODE_SIGN_STYLE = Automatic;
				DEVELOPMENT_TEAM = B7JBV3PB93;
				INFOPLIST_FILE = asd/Info.plist;
				LD_RUNPATH_SEARCH_PATHS = (
					"$(inherited)",
					"@executable_path/Frameworks",
				);
				PRODUCT_BUNDLE_IDENTIFIER = alpaslan.asd;
				PRODUCT_NAME = "$(TARGET_NAME)";
				SWIFT_VERSION = 4.2;
				TARGETED_DEVICE_FAMILY = "1,2";
			};
			name = Release;
		};
		02A2CF0021FF33B500648E94 /* Debug */ = {
			isa = XCBuildConfiguration;
			buildSettings = {
				CODE_SIGN_STYLE = Automatic;
				DEVELOPMENT_TEAM = B7JBV3PB93;
				INFOPLIST_FILE = asdUITests/Info.plist;
				LD_RUNPATH_SEARCH_PATHS = (
					"$(inherited)",
					"@executable_path/Frameworks",
					"@loader_path/Frameworks",
				);
				PRODUCT_BUNDLE_IDENTIFIER = alpaslan.asdUITests;
				PRODUCT_NAME = "$(TARGET_NAME)";
				SWIFT_VERSION = 4.2;
				TARGETED_DEVICE_FAMILY = "1,2";
				TEST_TARGET_NAME = asd;
			};
			name = Debug;
		};
		02A2CF0121FF33B500648E94 /* Release */ = {
			isa = XCBuildConfiguration;
			buildSettings = {
				CODE_SIGN_STYLE = Automatic;
				DEVELOPMENT_TEAM = B7JBV3PB93;
				INFOPLIST_FILE = asdUITests/Info.plist;
				LD_RUNPATH_SEARCH_PATHS = (
					"$(inherited)",
					"@executable_path/Frameworks",
					"@loader_path/Frameworks",
				);
				PRODUCT_BUNDLE_IDENTIFIER = alpaslan.asdUITests;
				PRODUCT_NAME = "$(TARGET_NAME)";
				SWIFT_VERSION = 4.2;
				TARGETED_DEVICE_FAMILY = "1,2";
				TEST_TARGET_NAME = asd;
			};
			name = Release;
		};
		02A2CF0E21FF33C800648E94 /* Debug */ = {
			isa = XCBuildConfiguration;
			buildSettings = {
				BUNDLE_LOADER = "$(TEST_HOST)";
				CODE_SIGN_STYLE = Automatic;
				DEVELOPMENT_TEAM = B7JBV3PB93;
				INFOPLIST_FILE = asdTests/Info.plist;
				LD_RUNPATH_SEARCH_PATHS = (
					"$(inherited)",
					"@executable_path/Frameworks",
					"@loader_path/Frameworks",
				);
				PRODUCT_BUNDLE_IDENTIFIER = alpaslan.asdTests;
				PRODUCT_NAME = "$(TARGET_NAME)";
				SWIFT_VERSION = 4.2;
				TARGETED_DEVICE_FAMILY = "1,2";
				TEST_HOST = "$(BUILT_PRODUCTS_DIR)/asd.app/asd";
			};
			name = Debug;
		};
		02A2CF0F21FF33C800648E94 /* Release */ = {
			isa = XCBuildConfiguration;
			buildSettings = {
				BUNDLE_LOADER = "$(TEST_HOST)";
				CODE_SIGN_STYLE = Automatic;
				DEVELOPMENT_TEAM = B7JBV3PB93;
				INFOPLIST_FILE = asdTests/Info.plist;
				LD_RUNPATH_SEARCH_PATHS = (
					"$(inherited)",
					"@executable_path/Frameworks",
					"@loader_path/Frameworks",
				);
				PRODUCT_BUNDLE_IDENTIFIER = alpaslan.asdTests;
				PRODUCT_NAME = "$(TARGET_NAME)";
				SWIFT_VERSION = 4.2;
				TARGETED_DEVICE_FAMILY = "1,2";
				TEST_HOST = "$(BUILT_PRODUCTS_DIR)/asd.app/asd";
			};
			name = Release;
		};
/* End XCBuildConfiguration section */

/* Begin XCConfigurationList section */
		022584BB21F8C01D003FEF34 /* Build configuration list for PBXProject "asd" */ = {
			isa = XCConfigurationList;
			buildConfigurations = (
				022584D321F8C01F003FEF34 /* Debug */,
				022584D421F8C01F003FEF34 /* Release */,
			);
			defaultConfigurationIsVisible = 0;
			defaultConfigurationName = Release;
		};
		022584D521F8C01F003FEF34 /* Build configuration list for PBXNativeTarget "asd" */ = {
			isa = XCConfigurationList;
			buildConfigurations = (
				022584D621F8C01F003FEF34 /* Debug */,
				022584D721F8C01F003FEF34 /* Release */,
			);
			defaultConfigurationIsVisible = 0;
			defaultConfigurationName = Release;
		};
		02A2CEFF21FF33B500648E94 /* Build configuration list for PBXNativeTarget "asdUITests" */ = {
			isa = XCConfigurationList;
			buildConfigurations = (
				02A2CF0021FF33B500648E94 /* Debug */,
				02A2CF0121FF33B500648E94 /* Release */,
			);
			defaultConfigurationIsVisible = 0;
			defaultConfigurationName = Release;
		};
		02A2CF0D21FF33C800648E94 /* Build configuration list for PBXNativeTarget "asdTests" */ = {
			isa = XCConfigurationList;
			buildConfigurations = (
				02A2CF0E21FF33C800648E94 /* Debug */,
				02A2CF0F21FF33C800648E94 /* Release */,
			);
			defaultConfigurationIsVisible = 0;
			defaultConfigurationName = Release;
		};
/* End XCConfigurationList section */

/* Begin XCVersionGroup section */
		022584CA21F8C01D003FEF34 /* asd.xcdatamodeld */ = {
			isa = XCVersionGroup;
			children = (
				022584CB21F8C01D003FEF34 /* asd.xcdatamodel */,
			);
			currentVersion = 022584CB21F8C01D003FEF34 /* asd.xcdatamodel */;
			path = asd.xcdatamodeld;
			sourceTree = "<group>";
			versionGroupType = wrapper.xcdatamodel;
		};
/* End XCVersionGroup section */
	};
	rootObject = 022584B821F8C01D003FEF34 /* Project object */;
}
